{
    "_meta": {
        "hash": {
            "sha256": "5a2cc195c61846ab304651682be5e923463a0f5acea46d981b634e0eca41fdef"
        },
        "pipfile-spec": 6,
        "requires": {
            "python_version": "3.8"
        },
        "sources": [
            {
                "name": "pypi",
                "url": "https://pypi.org/simple",
                "verify_ssl": true
            }
        ]
    },
    "default": {
        "basemap": {
            "hashes": [
                "sha256:023685d28026edf9dde9cf9657a6b679e50b56e59e9472e707031488d3d60005",
                "sha256:09de25d4c3203764eeb1080bfea287c4faf4727e4c4975d5d3408be4d19531d9",
                "sha256:0e83a5296df52fa49dbf5b5a99cd8bb8ae255c0ead732efc29d74b9f7c5fec67",
                "sha256:1fb16ef8fec2f030869254b7f899784cbbfdb84958bc29978d0a1f82d998486e",
                "sha256:21eaa5ac3f7b9d4cba3fe9e929b370882bd42f0eab0ab8136e41eed4dea9627d",
                "sha256:338d013ac6e2e7c6c823ddfae47a45793e0591a28bdaf33817701413b74beae6",
                "sha256:374a5409afa4bc2890a1caccd552c1e01beec533853113980661f302d32aaee8",
                "sha256:39c6f86dc17507a5a5c704fa9287841cf09fbbb44d00987888202a5811b471e6",
                "sha256:419f610eb5e60749b61c4916d5635bbd3a35e5c23ab2596bc28e54ec212cfc36",
                "sha256:4955cfce26bc23e0d69f0cc899cbeea72a7a4a59564d535309b16ea189a2d8bc",
                "sha256:4c954a2b6d584e38f27ac9488740db71c3bed63defe3d8535a6a5023f835492c",
                "sha256:4febd21e387fef09a188dc21af71f64bf30c765a003a698298e23bb8eaa8278c",
                "sha256:5a3f4df4f21fd7e6a3d9c58b24b88067335f6187d1ee13d0c836472c5cddd290",
                "sha256:5f3479a0207d40a61165702d5890a0313c16f84f16320353044b51e8b1ca1df3",
                "sha256:712ae874daa5f172d135b98202e5bdd4ff23e37a52ae20c39a76d14165d569c5",
                "sha256:8046ea3f8c3bc0ba8edba10bf4e81138cc29ad10b78b5912434eb61faa1e4906",
                "sha256:8354c97ff3475372e36ae45409c4b1ccd28f3d85d1d50378fad380321d804cf2",
                "sha256:8420bbc53ebf5371eefa41edb8feb222e0da2962697238c612118cf2e90ce579",
                "sha256:87673784f9b1f0fde499c3d39cd8f2a0c3d750b04aab735cb07aebd08b324c44",
                "sha256:8ac329b4e8e9d68ed163113906817945bcc22d1c9f7584f801e74ba3bb0b70d1",
                "sha256:9288bd57ceb8e25a905f49cb188ceea9878b92d8662bb317084ebd9f267c619c",
                "sha256:9d8273d86565ad3d1fc41cb3109c22f86e0e6c74f395d71ffcfc0e32299bdf0d",
                "sha256:a602013ecbe75a0169f827c983ad467e01d3794df545d8b5a044d113cc5f121f",
                "sha256:ac54a6d58fc79be8d2df2bbf13aa8700e3e9921dc80633ae41d8cd53a60a6f96",
                "sha256:aeabd63727be00145594936c4341f5aabc699ab2c4c53fd49147cc12e39e5471",
                "sha256:b004e5d1d1b2335f49099b8ca6799418bf617f12a98d32e45a4d45b6efe13f5c",
                "sha256:b2392c83d047a28d6e48d5ac6217916be898abbc4ca2baba4fb5e340337769cc",
                "sha256:b541a357dac7770916841fa2b0382330a724b16aa7570edfcd1ad1f476775ca0",
                "sha256:b76a24606d4633b453f6953cd81c17f0aa49dcf26d011d104f144af9fac73a74",
                "sha256:bec93bf7d19bc9e8427c5d0ba8644d43b10f236dc72f1ff2af5d747b2f41a214",
                "sha256:c3362f1cb8139f95a2c849001de361fe2e57714393353982ba892f87e93f6c02",
                "sha256:d3ab86726a2a1f8067740ba71051b1c539adbb2972aa970e5dc65def90b25c09",
                "sha256:efdb669ff0b84511f1d12e78139fff7069260b30baeff36019f56915d9e9e7fb"
            ],
            "index": "pypi",
            "markers": "python_version >= '2.6' and python_version not in '3.0, 3.1, 3.2, 3.3' and python_version < '4'",
            "version": "==1.3.8"
        },
        "basemap-data": {
            "hashes": [
                "sha256:0072efd6f12c76e9f35e8fd718360d634b849ba988e74acccaf1ec536275f70b",
                "sha256:26e794556c496b26f7714658cdbea5c68cb47d6a8a9fb0e674844fa89c56fc59"
            ],
            "markers": "python_version >= '2.6' and python_version not in '3.0, 3.1, 3.2, 3.3' and python_version < '4'",
            "version": "==1.3.2"
        },
        "certifi": {
            "hashes": [
                "sha256:9b469f3a900bf28dc19b8cfbf8019bf47f7fdd1a65a1d4ffb98fc14166beb4d1",
                "sha256:e036ab49d5b79556f99cfc2d9320b34cfbe5be05c5871b51de9329f0603b0474"
            ],
            "markers": "python_version >= '3.6'",
            "version": "==2023.11.17"
        },
        "contourpy": {
            "hashes": [
                "sha256:059c3d2a94b930f4dafe8105bcdc1b21de99b30b51b5bce74c753686de858cb6",
                "sha256:0683e1ae20dc038075d92e0e0148f09ffcefab120e57f6b4c9c0f477ec171f33",
                "sha256:07d6f11dfaf80a84c97f1a5ba50d129d9303c5b4206f776e94037332e298dda8",
                "sha256:081f3c0880712e40effc5f4c3b08feca6d064cb8cfbb372ca548105b86fd6c3d",
                "sha256:0e48694d6a9c5a26ee85b10130c77a011a4fedf50a7279fa0bdaf44bafb4299d",
                "sha256:11b836b7dbfb74e049c302bbf74b4b8f6cb9d0b6ca1bf86cfa8ba144aedadd9c",
                "sha256:19557fa407e70f20bfaba7d55b4d97b14f9480856c4fb65812e8a05fe1c6f9bf",
                "sha256:229a25f68046c5cf8067d6d6351c8b99e40da11b04d8416bf8d2b1d75922521e",
                "sha256:24216552104ae8f3b34120ef84825400b16eb6133af2e27a190fdc13529f023e",
                "sha256:3b53d5769aa1f2d4ea407c65f2d1d08002952fac1d9e9d307aa2e1023554a163",
                "sha256:3de23ca4f381c3770dee6d10ead6fff524d540c0f662e763ad1530bde5112532",
                "sha256:407d864db716a067cc696d61fa1ef6637fedf03606e8417fe2aeed20a061e6b2",
                "sha256:41339b24471c58dc1499e56783fedc1afa4bb018bcd035cfb0ee2ad2a7501ef8",
                "sha256:462c59914dc6d81e0b11f37e560b8a7c2dbab6aca4f38be31519d442d6cde1a1",
                "sha256:46e24f5412c948d81736509377e255f6040e94216bf1a9b5ea1eaa9d29f6ec1b",
                "sha256:498e53573e8b94b1caeb9e62d7c2d053c263ebb6aa259c81050766beb50ff8d9",
                "sha256:4ebf42695f75ee1a952f98ce9775c873e4971732a87334b099dde90b6af6a916",
                "sha256:4f9147051cb8fdb29a51dc2482d792b3b23e50f8f57e3720ca2e3d438b7adf23",
                "sha256:549174b0713d49871c6dee90a4b499d3f12f5e5f69641cd23c50a4542e2ca1eb",
                "sha256:560f1d68a33e89c62da5da4077ba98137a5e4d3a271b29f2f195d0fba2adcb6a",
                "sha256:566f0e41df06dfef2431defcfaa155f0acfa1ca4acbf8fd80895b1e7e2ada40e",
                "sha256:56de98a2fb23025882a18b60c7f0ea2d2d70bbbcfcf878f9067234b1c4818442",
                "sha256:66544f853bfa85c0d07a68f6c648b2ec81dafd30f272565c37ab47a33b220684",
                "sha256:6c06e4c6e234fcc65435223c7b2a90f286b7f1b2733058bdf1345d218cc59e34",
                "sha256:6d0a8efc258659edc5299f9ef32d8d81de8b53b45d67bf4bfa3067f31366764d",
                "sha256:70e5a10f8093d228bb2b552beeb318b8928b8a94763ef03b858ef3612b29395d",
                "sha256:8394e652925a18ef0091115e3cc191fef350ab6dc3cc417f06da66bf98071ae9",
                "sha256:8636cd2fc5da0fb102a2504fa2c4bea3cbc149533b345d72cdf0e7a924decc45",
                "sha256:93df44ab351119d14cd1e6b52a5063d3336f0754b72736cc63db59307dabb718",
                "sha256:96ba37c2e24b7212a77da85004c38e7c4d155d3e72a45eeaf22c1f03f607e8ab",
                "sha256:a10dab5ea1bd4401c9483450b5b0ba5416be799bbd50fc7a6cc5e2a15e03e8a3",
                "sha256:a66045af6cf00e19d02191ab578a50cb93b2028c3eefed999793698e9ea768ae",
                "sha256:a75cc163a5f4531a256f2c523bd80db509a49fc23721b36dd1ef2f60ff41c3cb",
                "sha256:b04c2f0adaf255bf756cf08ebef1be132d3c7a06fe6f9877d55640c5e60c72c5",
                "sha256:ba42e3810999a0ddd0439e6e5dbf6d034055cdc72b7c5c839f37a7c274cb4eba",
                "sha256:bfc8a5e9238232a45ebc5cb3bfee71f1167064c8d382cadd6076f0d51cff1da0",
                "sha256:c5bd5680f844c3ff0008523a71949a3ff5e4953eb7701b28760805bc9bcff217",
                "sha256:c84fdf3da00c2827d634de4fcf17e3e067490c4aea82833625c4c8e6cdea0887",
                "sha256:ca6fab080484e419528e98624fb5c4282148b847e3602dc8dbe0cb0669469887",
                "sha256:d0c188ae66b772d9d61d43c6030500344c13e3f73a00d1dc241da896f379bb62",
                "sha256:d6ab42f223e58b7dac1bb0af32194a7b9311065583cc75ff59dcf301afd8a431",
                "sha256:dfe80c017973e6a4c367e037cb31601044dd55e6bfacd57370674867d15a899b",
                "sha256:e0c02b75acfea5cab07585d25069207e478d12309557f90a61b5a3b4f77f46ce",
                "sha256:e30aaf2b8a2bac57eb7e1650df1b3a4130e8d0c66fc2f861039d507a11760e1b",
                "sha256:eafbef886566dc1047d7b3d4b14db0d5b7deb99638d8e1be4e23a7c7ac59ff0f",
                "sha256:efe0fab26d598e1ec07d72cf03eaeeba8e42b4ecf6b9ccb5a356fde60ff08b85",
                "sha256:f08e469821a5e4751c97fcd34bcb586bc243c39c2e39321822060ba902eac49e",
                "sha256:f1eaac5257a8f8a047248d60e8f9315c6cff58f7803971170d952555ef6344a7",
                "sha256:f29fb0b3f1217dfe9362ec55440d0743fe868497359f2cf93293f4b2701b8251",
                "sha256:f44d78b61740e4e8c71db1cf1fd56d9050a4747681c59ec1094750a658ceb970",
                "sha256:f6aec19457617ef468ff091669cca01fa7ea557b12b59a7908b9474bb9674cf0",
                "sha256:f9dc7f933975367251c1b34da882c4f0e0b2e24bb35dc906d2f598a40b72bfc7"
            ],
            "markers": "python_version >= '3.8'",
            "version": "==1.1.1"
        },
        "cycler": {
            "hashes": [
                "sha256:85cef7cff222d8644161529808465972e51340599459b8ac3ccbac5a854e0d30",
                "sha256:88bb128f02ba341da8ef447245a9e138fae777f6a23943da4540077d3601eb1c"
            ],
            "markers": "python_version >= '3.8'",
            "version": "==0.12.1"
        },
        "fonttools": {
            "hashes": [
                "sha256:192ebdb3bb1882b7ed3ad4b949a106ddd8b428d046ddce64df2d459f7a2db31b",
                "sha256:20898476cf9c61795107b91409f4b1cf86de6e92b41095bbe900c05b5b117c96",
                "sha256:2bff4f9d5edc10b29d2a2daeefd78a47289ba2f751c9bf247925b9d43c6efd79",
                "sha256:2fe4eed749de2e6bf3aa05d18df04231a712a16c08974af5e67bb9f75a25d10f",
                "sha256:32e8a5cebfe8f797461b02084104053b2690ebf0cc38eda5beb9ba24ce43c349",
                "sha256:3302998e02a854a41c930f9f1366eb8092dbc5fe7ff636d86aeb28d232f4610a",
                "sha256:345a30db8adfbb868221234fb434dd2fc5bfe27baafbaf418528f6c5a5a95584",
                "sha256:35d88af2b63060ed2b50aa00d38f60edf4c0b9275a77ae1a98e8d2c03540c617",
                "sha256:367aa3e81a096e9a95dfc0d5afcbd0a299d857bac6d0fe5f1614c6f3e53f447f",
                "sha256:3b179a284b73802edd6d910e6384f28098cb03bd263fd87db6abb31679f68863",
                "sha256:3eb365cd8ae4765973fa036aed0077ac26f37b2f8240a72c4a29cd9d8a31027f",
                "sha256:42eefbb1babf81de40ab4a6ace6018c8c5a0d79ece0f986f73a9904b26ee511b",
                "sha256:437204780611f9f80f74cd4402fa451e920d1c4b6cb474a0818a734b4affc477",
                "sha256:4831d948bc3cea9cd8bf0c92a087f4392068bcac3b584a61a4c837c48a012337",
                "sha256:4c805a0b0545fd9becf6dfe8d57e45a7c1af7fdbfd0a7d776c5e999e4edec9f5",
                "sha256:50152205ed3e16c5878a006ee53ecc402acac9af68357343be1e5c36f66ccb24",
                "sha256:50b43fd55089ae850a050f0c382f13fc9586279a540b646b28b9e93fbc05b8a3",
                "sha256:5478a77a15d01a21c569fc4ab6f2faba852a21d0932eef02ac4c4a4b50af8070",
                "sha256:5cd114cb20b491f6812aa397040b06a469563c1a01ec94c8c5d96b76d84916db",
                "sha256:718599de63b337518bfa5ce67e4ae462da3dd582a74fbe805f56b3704eb334a1",
                "sha256:72ec91b85391dd4b06991c0919215ecf910554df2842df32e928155ea5b74aef",
                "sha256:79a6babb87d7f70f8aed88f157bbdc5d2f01ad8b01e9535ff07e43e96ad25548",
                "sha256:7a8b9f22d3c147ecdc7be46f9f1e1df0523541df0535fac5bdd653726218d068",
                "sha256:877e36afce69cfdbd0453a4f44b16e865ac29f06df29f10f0b822a68ab858e86",
                "sha256:8c7985017e7fb2c2613fa5c440457cd45a6ea808f8d08ed70c27e02e6862cbbe",
                "sha256:8f4e22c5128cb604d3b0b869eb8d3092a1c10cbe6def402ff46bb920f7169374",
                "sha256:948b35e54b0c1b6acf9d63c70515051b7d400d69b61c91377cf0e8742d71c44d",
                "sha256:979fc845703e0d9b35bc65379fcf34d050e04c3e0b3381a0f66b0be33183da1c",
                "sha256:b1c2cb1e2a7cfeaeb40b8823f238d7e02929b3a0b53e133e757dec5e99c327c9",
                "sha256:b6a77e3b994649f72fb46b0b8cfe64481b5640e5aecc2d77961300a34fe1dc4f",
                "sha256:ba82ee938bd7ea16762124a650bf2529f67dfe9999f64e0ebe1ef0a04baceafd",
                "sha256:ba9c407d8bd63b21910b98399aeec87e24ca9c3e62ea60c246e505c4a4df6c27",
                "sha256:bcb0fde94374ba00c118d632b0b5f1f4447401313166bcb14d737322928e358f",
                "sha256:c26649a6ce6f1ce4dd6748f64b18f70e39c618c6188286ab9534a949da28164c",
                "sha256:c329e21502c894fe4c800e32bc3ce37c6b5ca95778d32dff17d7ebf5cac94efa",
                "sha256:cde83f83919ae7569a0316e093e04022dbb8ae5217f41cf591f125dd35d4dc0d",
                "sha256:dd752b778b37863cf5146d0112aafcd5693235831f09303809ab9c1e564c236b",
                "sha256:e3bbca4f873d96c20757c24c70a903251a8998e1931bd888b49956f21d94b441",
                "sha256:e84084cc325f888c3495df7ec25f6133be0f606efb80a9c9e072ea6064ede9ac",
                "sha256:f647d270ee90f70acbf5b31a53d486ba0897624236f9056d624c4e436386a14e",
                "sha256:f77b6c0add23a3f1ec8eda40015bcb8e92796f7d06a074de102a31c7d007c05b",
                "sha256:fad1c74aa10b77764d3cdf3481bd181d4949e0b46f2da6f9e57543d4adbda177"
            ],
            "markers": "python_version >= '3.8'",
            "version": "==4.44.3"
        },
        "importlib-resources": {
            "hashes": [
                "sha256:3893a00122eafde6894c59914446a512f728a0c1a45f9bb9b63721b6bacf0b4a",
                "sha256:e8bf90d8213b486f428c9c39714b920041cb02c184686a3dee24905aaa8105d6"
            ],
            "markers": "python_version < '3.10'",
            "version": "==6.1.1"
        },
        "kiwisolver": {
            "hashes": [
                "sha256:00bd361b903dc4bbf4eb165f24d1acbee754fce22ded24c3d56eec268658a5cf",
                "sha256:040c1aebeda72197ef477a906782b5ab0d387642e93bda547336b8957c61022e",
                "sha256:05703cf211d585109fcd72207a31bb170a0f22144d68298dc5e61b3c946518af",
                "sha256:06f54715b7737c2fecdbf140d1afb11a33d59508a47bf11bb38ecf21dc9ab79f",
                "sha256:0dc9db8e79f0036e8173c466d21ef18e1befc02de8bf8aa8dc0813a6dc8a7046",
                "sha256:0f114aa76dc1b8f636d077979c0ac22e7cd8f3493abbab152f20eb8d3cda71f3",
                "sha256:11863aa14a51fd6ec28688d76f1735f8f69ab1fabf388851a595d0721af042f5",
                "sha256:11c7de8f692fc99816e8ac50d1d1aef4f75126eefc33ac79aac02c099fd3db71",
                "sha256:11d011a7574eb3b82bcc9c1a1d35c1d7075677fdd15de527d91b46bd35e935ee",
                "sha256:146d14bebb7f1dc4d5fbf74f8a6cb15ac42baadee8912eb84ac0b3b2a3dc6ac3",
                "sha256:15568384086b6df3c65353820a4473575dbad192e35010f622c6ce3eebd57af9",
                "sha256:19df6e621f6d8b4b9c4d45f40a66839294ff2bb235e64d2178f7522d9170ac5b",
                "sha256:1b04139c4236a0f3aff534479b58f6f849a8b351e1314826c2d230849ed48985",
                "sha256:210ef2c3a1f03272649aff1ef992df2e724748918c4bc2d5a90352849eb40bea",
                "sha256:2270953c0d8cdab5d422bee7d2007f043473f9d2999631c86a223c9db56cbd16",
                "sha256:2400873bccc260b6ae184b2b8a4fec0e4082d30648eadb7c3d9a13405d861e89",
                "sha256:2a40773c71d7ccdd3798f6489aaac9eee213d566850a9533f8d26332d626b82c",
                "sha256:2c5674c4e74d939b9d91dda0fae10597ac7521768fec9e399c70a1f27e2ea2d9",
                "sha256:3195782b26fc03aa9c6913d5bad5aeb864bdc372924c093b0f1cebad603dd712",
                "sha256:31a82d498054cac9f6d0b53d02bb85811185bcb477d4b60144f915f3b3126342",
                "sha256:32d5cf40c4f7c7b3ca500f8985eb3fb3a7dfc023215e876f207956b5ea26632a",
                "sha256:346f5343b9e3f00b8db8ba359350eb124b98c99efd0b408728ac6ebf38173958",
                "sha256:378a214a1e3bbf5ac4a8708304318b4f890da88c9e6a07699c4ae7174c09a68d",
                "sha256:39b42c68602539407884cf70d6a480a469b93b81b7701378ba5e2328660c847a",
                "sha256:3a2b053a0ab7a3960c98725cfb0bf5b48ba82f64ec95fe06f1d06c99b552e130",
                "sha256:3aba7311af82e335dd1e36ffff68aaca609ca6290c2cb6d821a39aa075d8e3ff",
                "sha256:3cd32d6c13807e5c66a7cbb79f90b553642f296ae4518a60d8d76243b0ad2898",
                "sha256:3edd2fa14e68c9be82c5b16689e8d63d89fe927e56debd6e1dbce7a26a17f81b",
                "sha256:4c380469bd3f970ef677bf2bcba2b6b0b4d5c75e7a020fb863ef75084efad66f",
                "sha256:4e66e81a5779b65ac21764c295087de82235597a2293d18d943f8e9e32746265",
                "sha256:53abb58632235cd154176ced1ae8f0d29a6657aa1aa9decf50b899b755bc2b93",
                "sha256:5794cf59533bc3f1b1c821f7206a3617999db9fbefc345360aafe2e067514929",
                "sha256:59415f46a37f7f2efeec758353dd2eae1b07640d8ca0f0c42548ec4125492635",
                "sha256:59ec7b7c7e1a61061850d53aaf8e93db63dce0c936db1fda2658b70e4a1be709",
                "sha256:59edc41b24031bc25108e210c0def6f6c2191210492a972d585a06ff246bb79b",
                "sha256:5a580c91d686376f0f7c295357595c5a026e6cbc3d77b7c36e290201e7c11ecb",
                "sha256:5b94529f9b2591b7af5f3e0e730a4e0a41ea174af35a4fd067775f9bdfeee01a",
                "sha256:5c7b3b3a728dc6faf3fc372ef24f21d1e3cee2ac3e9596691d746e5a536de920",
                "sha256:5c90ae8c8d32e472be041e76f9d2f2dbff4d0b0be8bd4041770eddb18cf49a4e",
                "sha256:5e7139af55d1688f8b960ee9ad5adafc4ac17c1c473fe07133ac092310d76544",
                "sha256:5ff5cf3571589b6d13bfbfd6bcd7a3f659e42f96b5fd1c4830c4cf21d4f5ef45",
                "sha256:620ced262a86244e2be10a676b646f29c34537d0d9cc8eb26c08f53d98013390",
                "sha256:6512cb89e334e4700febbffaaa52761b65b4f5a3cf33f960213d5656cea36a77",
                "sha256:6c08e1312a9cf1074d17b17728d3dfce2a5125b2d791527f33ffbe805200a355",
                "sha256:6c3bd3cde54cafb87d74d8db50b909705c62b17c2099b8f2e25b461882e544ff",
                "sha256:6ef7afcd2d281494c0a9101d5c571970708ad911d028137cd558f02b851c08b4",
                "sha256:7269d9e5f1084a653d575c7ec012ff57f0c042258bf5db0954bf551c158466e7",
                "sha256:72d40b33e834371fd330fb1472ca19d9b8327acb79a5821d4008391db8e29f20",
                "sha256:74d1b44c6cfc897df648cc9fdaa09bc3e7679926e6f96df05775d4fb3946571c",
                "sha256:74db36e14a7d1ce0986fa104f7d5637aea5c82ca6326ed0ec5694280942d1162",
                "sha256:763773d53f07244148ccac5b084da5adb90bfaee39c197554f01b286cf869228",
                "sha256:76c6a5964640638cdeaa0c359382e5703e9293030fe730018ca06bc2010c4437",
                "sha256:76d9289ed3f7501012e05abb8358bbb129149dbd173f1f57a1bf1c22d19ab7cc",
                "sha256:7931d8f1f67c4be9ba1dd9c451fb0eeca1a25b89e4d3f89e828fe12a519b782a",
                "sha256:7b8b454bac16428b22560d0a1cf0a09875339cab69df61d7805bf48919415901",
                "sha256:7e5bab140c309cb3a6ce373a9e71eb7e4873c70c2dda01df6820474f9889d6d4",
                "sha256:83d78376d0d4fd884e2c114d0621624b73d2aba4e2788182d286309ebdeed770",
                "sha256:852542f9481f4a62dbb5dd99e8ab7aedfeb8fb6342349a181d4036877410f525",
                "sha256:85267bd1aa8880a9c88a8cb71e18d3d64d2751a790e6ca6c27b8ccc724bcd5ad",
                "sha256:88a2df29d4724b9237fc0c6eaf2a1adae0cdc0b3e9f4d8e7dc54b16812d2d81a",
                "sha256:88b9f257ca61b838b6f8094a62418421f87ac2a1069f7e896c36a7d86b5d4c29",
                "sha256:8ab3919a9997ab7ef2fbbed0cc99bb28d3c13e6d4b1ad36e97e482558a91be90",
                "sha256:92dea1ffe3714fa8eb6a314d2b3c773208d865a0e0d35e713ec54eea08a66250",
                "sha256:9407b6a5f0d675e8a827ad8742e1d6b49d9c1a1da5d952a67d50ef5f4170b18d",
                "sha256:9408acf3270c4b6baad483865191e3e582b638b1654a007c62e3efe96f09a9a3",
                "sha256:955e8513d07a283056b1396e9a57ceddbd272d9252c14f154d450d227606eb54",
                "sha256:9db8ea4c388fdb0f780fe91346fd438657ea602d58348753d9fb265ce1bca67f",
                "sha256:9eaa8b117dc8337728e834b9c6e2611f10c79e38f65157c4c38e9400286f5cb1",
                "sha256:a51a263952b1429e429ff236d2f5a21c5125437861baeed77f5e1cc2d2c7c6da",
                "sha256:a6aa6315319a052b4ee378aa171959c898a6183f15c1e541821c5c59beaa0238",
                "sha256:aa12042de0171fad672b6c59df69106d20d5596e4f87b5e8f76df757a7c399aa",
                "sha256:aaf7be1207676ac608a50cd08f102f6742dbfc70e8d60c4db1c6897f62f71523",
                "sha256:b0157420efcb803e71d1b28e2c287518b8808b7cf1ab8af36718fd0a2c453eb0",
                "sha256:b3f7e75f3015df442238cca659f8baa5f42ce2a8582727981cbfa15fee0ee205",
                "sha256:b9098e0049e88c6a24ff64545cdfc50807818ba6c1b739cae221bbbcbc58aad3",
                "sha256:ba55dce0a9b8ff59495ddd050a0225d58bd0983d09f87cfe2b6aec4f2c1234e4",
                "sha256:bb86433b1cfe686da83ce32a9d3a8dd308e85c76b60896d58f082136f10bffac",
                "sha256:bbea0db94288e29afcc4c28afbf3a7ccaf2d7e027489c449cf7e8f83c6346eb9",
                "sha256:bbf1d63eef84b2e8c89011b7f2235b1e0bf7dacc11cac9431fc6468e99ac77fb",
                "sha256:c7940c1dc63eb37a67721b10d703247552416f719c4188c54e04334321351ced",
                "sha256:c9bf3325c47b11b2e51bca0824ea217c7cd84491d8ac4eefd1e409705ef092bd",
                "sha256:cdc8a402aaee9a798b50d8b827d7ecf75edc5fb35ea0f91f213ff927c15f4ff0",
                "sha256:ceec1a6bc6cab1d6ff5d06592a91a692f90ec7505d6463a88a52cc0eb58545da",
                "sha256:cfe6ab8da05c01ba6fbea630377b5da2cd9bcbc6338510116b01c1bc939a2c18",
                "sha256:d099e745a512f7e3bbe7249ca835f4d357c586d78d79ae8f1dcd4d8adeb9bda9",
                "sha256:d0ef46024e6a3d79c01ff13801cb19d0cad7fd859b15037aec74315540acc276",
                "sha256:d2e5a98f0ec99beb3c10e13b387f8db39106d53993f498b295f0c914328b1333",
                "sha256:da4cfb373035def307905d05041c1d06d8936452fe89d464743ae7fb8371078b",
                "sha256:da802a19d6e15dffe4b0c24b38b3af68e6c1a68e6e1d8f30148c83864f3881db",
                "sha256:dced8146011d2bc2e883f9bd68618b8247387f4bbec46d7392b3c3b032640126",
                "sha256:dfdd7c0b105af050eb3d64997809dc21da247cf44e63dc73ff0fd20b96be55a9",
                "sha256:e368f200bbc2e4f905b8e71eb38b3c04333bddaa6a2464a6355487b02bb7fb09",
                "sha256:e391b1f0a8a5a10ab3b9bb6afcfd74f2175f24f8975fb87ecae700d1503cdee0",
                "sha256:e57e563a57fb22a142da34f38acc2fc1a5c864bc29ca1517a88abc963e60d6ec",
                "sha256:e5d706eba36b4c4d5bc6c6377bb6568098765e990cfc21ee16d13963fab7b3e7",
                "sha256:ec20916e7b4cbfb1f12380e46486ec4bcbaa91a9c448b97023fde0d5bbf9e4ff",
                "sha256:f1d072c2eb0ad60d4c183f3fb44ac6f73fb7a8f16a2694a91f988275cbf352f9",
                "sha256:f846c260f483d1fd217fe5ed7c173fb109efa6b1fc8381c8b7552c5781756192",
                "sha256:f91de7223d4c7b793867797bacd1ee53bfe7359bd70d27b7b58a04efbb9436c8",
                "sha256:faae4860798c31530dd184046a900e652c95513796ef51a12bc086710c2eec4d",
                "sha256:fc579bf0f502e54926519451b920e875f433aceb4624a3646b3252b5caa9e0b6",
                "sha256:fcc700eadbbccbf6bc1bcb9dbe0786b4b1cb91ca0dcda336eef5c2beed37b797",
                "sha256:fd32ea360bcbb92d28933fc05ed09bffcb1704ba3fc7942e81db0fd4f81a7892",
                "sha256:fdb7adb641a0d13bdcd4ef48e062363d8a9ad4a182ac7647ec88f695e719ae9f"
            ],
            "markers": "python_version >= '3.7'",
            "version": "==1.4.5"
        },
        "matplotlib": {
            "hashes": [
                "sha256:070f8dddd1f5939e60aacb8fa08f19551f4b0140fab16a3669d5cd6e9cb28fc8",
                "sha256:0c3cca3e842b11b55b52c6fb8bd6a4088693829acbfcdb3e815fa9b7d5c92c1b",
                "sha256:0f506a1776ee94f9e131af1ac6efa6e5bc7cb606a3e389b0ccb6e657f60bb676",
                "sha256:12f01b92ecd518e0697da4d97d163b2b3aa55eb3eb4e2c98235b3396d7dad55f",
                "sha256:152ee0b569a37630d8628534c628456b28686e085d51394da6b71ef84c4da201",
                "sha256:1c308b255efb9b06b23874236ec0f10f026673ad6515f602027cc8ac7805352d",
                "sha256:1cd120fca3407a225168238b790bd5c528f0fafde6172b140a2f3ab7a4ea63e9",
                "sha256:20f844d6be031948148ba49605c8b96dfe7d3711d1b63592830d650622458c11",
                "sha256:23fb1750934e5f0128f9423db27c474aa32534cec21f7b2153262b066a581fd1",
                "sha256:2699f7e73a76d4c110f4f25be9d2496d6ab4f17345307738557d345f099e07de",
                "sha256:26bede320d77e469fdf1bde212de0ec889169b04f7f1179b8930d66f82b30cbc",
                "sha256:2ecb5be2b2815431c81dc115667e33da0f5a1bcf6143980d180d09a717c4a12e",
                "sha256:2f8e4a49493add46ad4a8c92f63e19d548b2b6ebbed75c6b4c7f46f57d36cdd1",
                "sha256:305e3da477dc8607336ba10bac96986d6308d614706cae2efe7d3ffa60465b24",
                "sha256:30e1409b857aa8a747c5d4f85f63a79e479835f8dffc52992ac1f3f25837b544",
                "sha256:318c89edde72ff95d8df67d82aca03861240512994a597a435a1011ba18dbc7f",
                "sha256:35d74ebdb3f71f112b36c2629cf32323adfbf42679e2751252acd468f5001c07",
                "sha256:50e0a55ec74bf2d7a0ebf50ac580a209582c2dd0f7ab51bc270f1b4a0027454e",
                "sha256:5dea00b62d28654b71ca92463656d80646675628d0828e08a5f3b57e12869e13",
                "sha256:60c521e21031632aa0d87ca5ba0c1c05f3daacadb34c093585a0be6780f698e4",
                "sha256:6515e878f91894c2e4340d81f0911857998ccaf04dbc1bba781e3d89cbf70608",
                "sha256:6d2ff3c984b8a569bc1383cd468fc06b70d7b59d5c2854ca39f1436ae8394117",
                "sha256:71667eb2ccca4c3537d9414b1bc00554cb7f91527c17ee4ec38027201f8f1603",
                "sha256:717157e61b3a71d3d26ad4e1770dc85156c9af435659a25ee6407dc866cb258d",
                "sha256:71f7a8c6b124e904db550f5b9fe483d28b896d4135e45c4ea381ad3b8a0e3256",
                "sha256:936bba394682049919dda062d33435b3be211dc3dcaa011e09634f060ec878b2",
                "sha256:a1733b8e84e7e40a9853e505fe68cc54339f97273bdfe6f3ed980095f769ddc7",
                "sha256:a2c1590b90aa7bd741b54c62b78de05d4186271e34e2377e0289d943b3522273",
                "sha256:a7e28d6396563955f7af437894a36bf2b279462239a41028323e04b85179058b",
                "sha256:a8035ba590658bae7562786c9cc6ea1a84aa49d3afab157e414c9e2ea74f496d",
                "sha256:a8cdb91dddb04436bd2f098b8fdf4b81352e68cf4d2c6756fcc414791076569b",
                "sha256:ac60daa1dc83e8821eed155796b0f7888b6b916cf61d620a4ddd8200ac70cd64",
                "sha256:af4860132c8c05261a5f5f8467f1b269bf1c7c23902d75f2be57c4a7f2394b3e",
                "sha256:bc221ffbc2150458b1cd71cdd9ddd5bb37962b036e41b8be258280b5b01da1dd",
                "sha256:ce55289d5659b5b12b3db4dc9b7075b70cef5631e56530f14b2945e8836f2d20",
                "sha256:d9881356dc48e58910c53af82b57183879129fa30492be69058c5b0d9fddf391",
                "sha256:dbcf59334ff645e6a67cd5f78b4b2cdb76384cdf587fa0d2dc85f634a72e1a3e",
                "sha256:ebf577c7a6744e9e1bd3fee45fc74a02710b214f94e2bde344912d85e0c9af7c",
                "sha256:f081c03f413f59390a80b3e351cc2b2ea0205839714dbc364519bcf51f4b56ca",
                "sha256:fdbb46fad4fb47443b5b8ac76904b2e7a66556844f33370861b4788db0f8816a",
                "sha256:fdcd28360dbb6203fb5219b1a5658df226ac9bebc2542a9e8f457de959d713d0"
            ],
            "index": "pypi",
            "markers": "python_version >= '3.8'",
            "version": "==3.7.2"
        },
        "numpy": {
            "hashes": [
                "sha256:0ec87a7084caa559c36e0a2309e4ecb1baa03b687201d0a847c8b0ed476a7187",
                "sha256:1a7d6acc2e7524c9955e5c903160aa4ea083736fde7e91276b0e5d98e6332812",
                "sha256:202de8f38fc4a45a3eea4b63e2f376e5f2dc64ef0fa692838e31a808520efaf7",
                "sha256:210461d87fb02a84ef243cac5e814aad2b7f4be953b32cb53327bb49fd77fbb4",
                "sha256:2d926b52ba1367f9acb76b0df6ed21f0b16a1ad87c6720a1121674e5cf63e2b6",
                "sha256:352ee00c7f8387b44d19f4cada524586f07379c0d49270f87233983bc5087ca0",
                "sha256:35400e6a8d102fd07c71ed7dcadd9eb62ee9a6e84ec159bd48c28235bbb0f8e4",
                "sha256:3c1104d3c036fb81ab923f507536daedc718d0ad5a8707c6061cdfd6d184e570",
                "sha256:4719d5aefb5189f50887773699eaf94e7d1e02bf36c1a9d353d9f46703758ca4",
                "sha256:4749e053a29364d3452c034827102ee100986903263e89884922ef01a0a6fd2f",
                "sha256:5342cf6aad47943286afa6f1609cad9b4266a05e7f2ec408e2cf7aea7ff69d80",
                "sha256:56e48aec79ae238f6e4395886b5eaed058abb7231fb3361ddd7bfdf4eed54289",
                "sha256:76e3f4e85fc5d4fd311f6e9b794d0c00e7002ec122be271f2019d63376f1d385",
                "sha256:7776ea65423ca6a15255ba1872d82d207bd1e09f6d0894ee4a64678dd2204078",
                "sha256:784c6da1a07818491b0ffd63c6bbe5a33deaa0e25a20e1b3ea20cf0e43f8046c",
                "sha256:8535303847b89aa6b0f00aa1dc62867b5a32923e4d1681a35b5eef2d9591a463",
                "sha256:9a7721ec204d3a237225db3e194c25268faf92e19338a35f3a224469cb6039a3",
                "sha256:a1d3c026f57ceaad42f8231305d4653d5f05dc6332a730ae5c0bea3513de0950",
                "sha256:ab344f1bf21f140adab8e47fdbc7c35a477dc01408791f8ba00d018dd0bc5155",
                "sha256:ab5f23af8c16022663a652d3b25dcdc272ac3f83c3af4c02eb8b824e6b3ab9d7",
                "sha256:ae8d0be48d1b6ed82588934aaaa179875e7dc4f3d84da18d7eae6eb3f06c242c",
                "sha256:c91c4afd8abc3908e00a44b2672718905b8611503f7ff87390cc0ac3423fb096",
                "sha256:d5036197ecae68d7f491fcdb4df90082b0d4960ca6599ba2659957aafced7c17",
                "sha256:d6cc757de514c00b24ae8cf5c876af2a7c3df189028d68c0cb4eaa9cd5afc2bf",
                "sha256:d933fabd8f6a319e8530d0de4fcc2e6a61917e0b0c271fded460032db42a0fe4",
                "sha256:ea8282b9bcfe2b5e7d491d0bf7f3e2da29700cec05b49e64d6246923329f2b02",
                "sha256:ecde0f8adef7dfdec993fd54b0f78183051b6580f606111a6d789cd14c61ea0c",
                "sha256:f21c442fdd2805e91799fbe044a7b999b8571bb0ab0f7850d0cb9641a687092b"
            ],
            "index": "pypi",
            "markers": "python_version >= '3.8'",
            "version": "==1.24.3"
        },
        "numpy-quaternion": {
            "hashes": [
                "sha256:0fc5aed22a2170eb2c65aa3a0d10c08883ec9fdc35d10c110d38811f736d609a",
                "sha256:158df059771f5c2baa2fa43f166be30c0507aacea7df1c6fd67eb4c404b3fae3",
                "sha256:1a82205a785be37c1a2ae28dd13c02a6aaf43e7a1f3ac4cb57f6efc2d2e5d8a1",
                "sha256:1ebd03fb341ae3f837d6d9d96df25b1c4bc0dafd9ffcb562eebdae29496f175e",
                "sha256:2ebb925346ee4a7c1ac3d9d00383950ad610d7cc672445b7b7f67e0a3a03df40",
                "sha256:334376b88dcede4263f1338b4ab40e1124c7a8fc8f81e3c3e1070cc0f5da10a7",
                "sha256:364c142af3ba8aac3ee6de9ab652a409133d23d81642c18fae150585b006cf85",
                "sha256:3c7de12e8270e6b4fa7da9da372134a56a85eebbb1b1d81e8419e8315cea7227",
                "sha256:4605a23c57fead0c20623e55b473fa233b082b5ed4d83553da6c2cb83541f428",
                "sha256:4b685200964fd9e654c12cc298d5d086ef0a0313ee2b17d6b9ff29a3a880d803",
                "sha256:4f07823341642943d24cddc10f07cb4e32e10f5cc033fb42aa2f181e8bf0699f",
                "sha256:53bcaa3c0fb245623a092eb43224e30b883882b3460143487cccf9797fc865ae",
                "sha256:556c32f082bb97aab9f41f7154b4d7f004a22c3187f056e78d17bf818644804f",
                "sha256:5d9e6bec15afeba28022b7a44fdf28da27fd0422075b76be99c5be70969d52e6",
                "sha256:71a5f6fbf64001369f178168a46287dce33157947272073258d20e846b0f40a4",
                "sha256:75c734f4b3f887f465da3571afeff924781f53dbf39c8da199fb860b9f4dc3ec",
                "sha256:7cfec847bca62ff2ff50b190fb0e7c733a0f7f42ce6ac6385166bf6c814d5b15",
                "sha256:7d97d22a082caa924f2ebd998563437884e1f578c5cdb8ba001abc60d2909922",
                "sha256:7e7c36d949d09e07bd091bae1cb7c56b7dcedfb2c570f89e75be6de9f37d44a6",
                "sha256:8761f80fc4f510147bf690d494668f0944a2d590e2c5ada9d7c62af6a46e81ad",
                "sha256:8d635131afbd49dafa9463c78bf1a298c9de35cc759e6008647c714780e68de7",
                "sha256:9a7fcf818691aec1250f53c99c7958f57e09489e5ce1371b3a5342b65439da9d",
                "sha256:9b17ebddb0bd3fe646fc56b0e8693a92561e704be541bc3dcb4282988ebb01ed",
                "sha256:9ebf377c7174f4b32e1078e4607afbb3c4e0d0365dc633d43654f01e3703e800",
                "sha256:a0aaa74a13799e13bb9b6a65964401260f7a5482d2f7e50f5e564c8866f8b96f",
                "sha256:a3b4ed4ca225c7f5965ddc18a8cba0f7ea8406a869872d18d1f9900420ebdd38",
                "sha256:a4db146a130d53cea5d74543950e5ebd01dd7603dfe5a42d4f3ebc76539551bb",
                "sha256:accbe7758561a4bb3bd486b5f754b9983bc1be17ee517feb715d7e363833407f",
                "sha256:c403eeddfc19cb3b400abbd6daabd9aec9843344e9b9c739f080d27291e3d75e",
                "sha256:c521e6ee255c74f1ef604bd8ebdfdc32225d9ac7ce52c731562d4b4e01358793",
                "sha256:c5f13b7faa8b9859fba94f1425d9ac6478d74fa2b26f5cb0b8258a48365ee49b",
                "sha256:ca29e8f961673932d123a8b2520ef7ded9fee4e426aed628d90ced0749608285",
                "sha256:ca37256f544a7e587ab08c1841a30e34aa7b85c7c9663527c61d77fbcad9dda7",
                "sha256:ca743f7ca7a86b555cfc7e9f72acb7eb50fd56ec28834432b54b00896ba6363a",
                "sha256:ccf9b0fc0e6b2a1f6c5a0bf2e5affbc588cc09d5ba585d176bd92e9f4bdfd7a1",
                "sha256:ce50c414e884d8d18615cb6b5c928929e9dcff2f98f4606b2cc7a5b4dd5f5fb4",
                "sha256:d35e7bdc02025601d21830c6419e1317059083e1a3ccab68df5113b167e3fc61",
                "sha256:ded4c4122481b465e46374d9087da280d712d7ea500b34fc03ae854cfc3c86b5",
                "sha256:e34ed9c325dcd631b67dcf30b6f493528228622bc8b8b9abfaf68166fc367151",
                "sha256:e4b28a372b1362b75a23d3abf08fcc5a77c950aa554136137c5f2cd5d3a45edb",
                "sha256:f9a7ed1ee9954e06e81847600eefa11d162e9cbbd386a0c693f0f681ec731133"
            ],
            "index": "pypi",
            "version": "==2022.4.3"
        },
        "numpy-stl": {
            "hashes": [
                "sha256:b0b7f4455c29d26d3dc0eed894f5b17c64e4019b056d0060be48f93680f6e6d3",
                "sha256:f78eea62c80938bf53ea914fa5b6c92f448f0eab5609e0e5a737dde039404334"
            ],
            "index": "pypi",
            "markers": "python_version >= '3.7'",
            "version": "==3.1.1"
        },
        "packaging": {
            "hashes": [
                "sha256:048fb0e9405036518eaaf48a55953c750c11e1a1b68e0dd1a9d62ed0c092cfc5",
                "sha256:8c491190033a9af7e1d931d0b5dacc2ef47509b34dd0de67ed209b5203fc88c7"
            ],
            "markers": "python_version >= '3.7'",
            "version": "==23.2"
        },
        "pandas": {
            "hashes": [
                "sha256:04dbdbaf2e4d46ca8da896e1805bc04eb85caa9a82e259e8eed00254d5e0c682",
                "sha256:1168574b036cd8b93abc746171c9b4f1b83467438a5e45909fed645cf8692dbc",
                "sha256:1994c789bf12a7c5098277fb43836ce090f1073858c10f9220998ac74f37c69b",
                "sha256:258d3624b3ae734490e4d63c430256e716f488c4fcb7c8e9bde2d3aa46c29089",
                "sha256:32fca2ee1b0d93dd71d979726b12b61faa06aeb93cf77468776287f41ff8fdc5",
                "sha256:37673e3bdf1551b95bf5d4ce372b37770f9529743d2498032439371fc7b7eb26",
                "sha256:3ef285093b4fe5058eefd756100a367f27029913760773c8bf1d2d8bebe5d210",
                "sha256:5247fb1ba347c1261cbbf0fcfba4a3121fbb4029d95d9ef4dc45406620b25c8b",
                "sha256:5ec591c48e29226bcbb316e0c1e9423622bc7a4eaf1ef7c3c9fa1a3981f89641",
                "sha256:694888a81198786f0e164ee3a581df7d505024fbb1f15202fc7db88a71d84ebd",
                "sha256:69d7f3884c95da3a31ef82b7618af5710dba95bb885ffab339aad925c3e8ce78",
                "sha256:6a21ab5c89dcbd57f78d0ae16630b090eec626360085a4148693def5452d8a6b",
                "sha256:81af086f4543c9d8bb128328b5d32e9986e0c84d3ee673a2ac6fb57fd14f755e",
                "sha256:9e4da0d45e7f34c069fe4d522359df7d23badf83abc1d1cef398895822d11061",
                "sha256:9eae3dc34fa1aa7772dd3fc60270d13ced7346fcbcfee017d3132ec625e23bb0",
                "sha256:9ee1a69328d5c36c98d8e74db06f4ad518a1840e8ccb94a4ba86920986bb617e",
                "sha256:b084b91d8d66ab19f5bb3256cbd5ea661848338301940e17f4492b2ce0801fe8",
                "sha256:b9cb1e14fdb546396b7e1b923ffaeeac24e4cedd14266c3497216dd4448e4f2d",
                "sha256:ba619e410a21d8c387a1ea6e8a0e49bb42216474436245718d7f2e88a2f8d7c0",
                "sha256:c02f372a88e0d17f36d3093a644c73cfc1788e876a7c4bcb4020a77512e2043c",
                "sha256:ce0c6f76a0f1ba361551f3e6dceaff06bde7514a374aa43e33b588ec10420183",
                "sha256:d9cd88488cceb7635aebb84809d087468eb33551097d600c6dad13602029c2df",
                "sha256:e4c7c9f27a4185304c7caf96dc7d91bc60bc162221152de697c98eb0b2648dd8",
                "sha256:f167beed68918d62bffb6ec64f2e1d8a7d297a038f86d4aed056b9493fca407f",
                "sha256:f3421a7afb1a43f7e38e82e844e2bca9a6d793d66c1a7f9f0ff39a795bbc5e02"
            ],
            "index": "pypi",
            "markers": "python_version >= '3.8'",
            "version": "==2.0.3"
        },
        "pillow": {
            "hashes": [
                "sha256:00f438bb841382b15d7deb9a05cc946ee0f2c352653c7aa659e75e592f6fa17d",
                "sha256:0248f86b3ea061e67817c47ecbe82c23f9dd5d5226200eb9090b3873d3ca32de",
                "sha256:04f6f6149f266a100374ca3cc368b67fb27c4af9f1cc8cb6306d849dcdf12616",
                "sha256:062a1610e3bc258bff2328ec43f34244fcec972ee0717200cb1425214fe5b839",
                "sha256:0a026c188be3b443916179f5d04548092e253beb0c3e2ee0a4e2cdad72f66099",
                "sha256:0f7c276c05a9767e877a0b4c5050c8bee6a6d960d7f0c11ebda6b99746068c2a",
                "sha256:1a8413794b4ad9719346cd9306118450b7b00d9a15846451549314a58ac42219",
                "sha256:1ab05f3db77e98f93964697c8efc49c7954b08dd61cff526b7f2531a22410106",
                "sha256:1c3ac5423c8c1da5928aa12c6e258921956757d976405e9467c5f39d1d577a4b",
                "sha256:1c41d960babf951e01a49c9746f92c5a7e0d939d1652d7ba30f6b3090f27e412",
                "sha256:1fafabe50a6977ac70dfe829b2d5735fd54e190ab55259ec8aea4aaea412fa0b",
                "sha256:1fb29c07478e6c06a46b867e43b0bcdb241b44cc52be9bc25ce5944eed4648e7",
                "sha256:24fadc71218ad2b8ffe437b54876c9382b4a29e030a05a9879f615091f42ffc2",
                "sha256:2cdc65a46e74514ce742c2013cd4a2d12e8553e3a2563c64879f7c7e4d28bce7",
                "sha256:2ef6721c97894a7aa77723740a09547197533146fba8355e86d6d9a4a1056b14",
                "sha256:3b834f4b16173e5b92ab6566f0473bfb09f939ba14b23b8da1f54fa63e4b623f",
                "sha256:3d929a19f5469b3f4df33a3df2983db070ebb2088a1e145e18facbc28cae5b27",
                "sha256:41f67248d92a5e0a2076d3517d8d4b1e41a97e2df10eb8f93106c89107f38b57",
                "sha256:47e5bf85b80abc03be7455c95b6d6e4896a62f6541c1f2ce77a7d2bb832af262",
                "sha256:4d0152565c6aa6ebbfb1e5d8624140a440f2b99bf7afaafbdbf6430426497f28",
                "sha256:50d08cd0a2ecd2a8657bd3d82c71efd5a58edb04d9308185d66c3a5a5bed9610",
                "sha256:61f1a9d247317fa08a308daaa8ee7b3f760ab1809ca2da14ecc88ae4257d6172",
                "sha256:6932a7652464746fcb484f7fc3618e6503d2066d853f68a4bd97193a3996e273",
                "sha256:7a7e3daa202beb61821c06d2517428e8e7c1aab08943e92ec9e5755c2fc9ba5e",
                "sha256:7dbaa3c7de82ef37e7708521be41db5565004258ca76945ad74a8e998c30af8d",
                "sha256:7df5608bc38bd37ef585ae9c38c9cd46d7c81498f086915b0f97255ea60c2818",
                "sha256:806abdd8249ba3953c33742506fe414880bad78ac25cc9a9b1c6ae97bedd573f",
                "sha256:883f216eac8712b83a63f41b76ddfb7b2afab1b74abbb413c5df6680f071a6b9",
                "sha256:912e3812a1dbbc834da2b32299b124b5ddcb664ed354916fd1ed6f193f0e2d01",
                "sha256:937bdc5a7f5343d1c97dc98149a0be7eb9704e937fe3dc7140e229ae4fc572a7",
                "sha256:9882a7451c680c12f232a422730f986a1fcd808da0fd428f08b671237237d651",
                "sha256:9a92109192b360634a4489c0c756364c0c3a2992906752165ecb50544c251312",
                "sha256:9d7bc666bd8c5a4225e7ac71f2f9d12466ec555e89092728ea0f5c0c2422ea80",
                "sha256:a5f63b5a68daedc54c7c3464508d8c12075e56dcfbd42f8c1bf40169061ae666",
                "sha256:a646e48de237d860c36e0db37ecaecaa3619e6f3e9d5319e527ccbc8151df061",
                "sha256:a89b8312d51715b510a4fe9fc13686283f376cfd5abca8cd1c65e4c76e21081b",
                "sha256:a92386125e9ee90381c3369f57a2a50fa9e6aa8b1cf1d9c4b200d41a7dd8e992",
                "sha256:ae88931f93214777c7a3aa0a8f92a683f83ecde27f65a45f95f22d289a69e593",
                "sha256:afc8eef765d948543a4775f00b7b8c079b3321d6b675dde0d02afa2ee23000b4",
                "sha256:b0eb01ca85b2361b09480784a7931fc648ed8b7836f01fb9241141b968feb1db",
                "sha256:b1c25762197144e211efb5f4e8ad656f36c8d214d390585d1d21281f46d556ba",
                "sha256:b4005fee46ed9be0b8fb42be0c20e79411533d1fd58edabebc0dd24626882cfd",
                "sha256:b920e4d028f6442bea9a75b7491c063f0b9a3972520731ed26c83e254302eb1e",
                "sha256:baada14941c83079bf84c037e2d8b7506ce201e92e3d2fa0d1303507a8538212",
                "sha256:bb40c011447712d2e19cc261c82655f75f32cb724788df315ed992a4d65696bb",
                "sha256:c0949b55eb607898e28eaccb525ab104b2d86542a85c74baf3a6dc24002edec2",
                "sha256:c9aeea7b63edb7884b031a35305629a7593272b54f429a9869a4f63a1bf04c34",
                "sha256:cfe96560c6ce2f4c07d6647af2d0f3c54cc33289894ebd88cfbb3bcd5391e256",
                "sha256:d27b5997bdd2eb9fb199982bb7eb6164db0426904020dc38c10203187ae2ff2f",
                "sha256:d921bc90b1defa55c9917ca6b6b71430e4286fc9e44c55ead78ca1a9f9eba5f2",
                "sha256:e6bf8de6c36ed96c86ea3b6e1d5273c53f46ef518a062464cd7ef5dd2cf92e38",
                "sha256:eaed6977fa73408b7b8a24e8b14e59e1668cfc0f4c40193ea7ced8e210adf996",
                "sha256:fa1d323703cfdac2036af05191b969b910d8f115cf53093125e4058f62012c9a",
                "sha256:fe1e26e1ffc38be097f0ba1d0d07fcade2bcfd1d023cda5b29935ae8052bd793"
            ],
            "markers": "python_version >= '3.8'",
            "version": "==10.1.0"
        },
        "pyparsing": {
            "hashes": [
                "sha256:2b020ecf7d21b687f219b71ecad3631f644a47f01403fa1d1036b0c6416d70fb",
                "sha256:5026bae9a10eeaefb61dab2f09052b9f4307d44aee4eda64b309723d8d206bbc"
            ],
            "markers": "python_full_version >= '3.6.8'",
            "version": "==3.0.9"
        },
        "pyproj": {
            "hashes": [
                "sha256:052c49fce8b5d55943a35c36ccecb87350c68b48ba95bc02a789770c374ef819",
                "sha256:1507138ea28bf2134d31797675380791cc1a7156a3aeda484e65a78a4aba9b62",
                "sha256:1798ff7d65d9057ebb2d017ffe8403268b8452f24d0428b2140018c25c7fa1bc",
                "sha256:1b7c2113c4d11184a238077ec85e31eda1dcc58ffeb9a4429830e0a7036e787d",
                "sha256:2b708fd43453b985642b737d4a6e7f1d6a0ab1677ffa4e14cc258537b49224b0",
                "sha256:385b0341861d3ebc8cad98337a738821dcb548d465576527399f4955ca24b6ed",
                "sha256:38862fe07316ae12b79d82d298e390973a4f00b684f3c2d037238e20e00610ba",
                "sha256:5674923351e76222e2c10c58b5e1ac119d7a46b270d822c463035971b06f724b",
                "sha256:5c4b85ac10d733c42d73a2e6261c8d6745bf52433a31848dd1b6561c9a382da3",
                "sha256:61e4ad57d89b03a7b173793b31bca8ee110112cde1937ef0f42a70b9120c827d",
                "sha256:621d78a9d8bf4d06e08bef2471021fbcb1a65aa629ad4a20c22e521ce729cc20",
                "sha256:6475ce653880938468a1a1b7321267243909e34b972ba9e53d5982c41d555918",
                "sha256:6a87b419a2a352413fbf759ecb66da9da50bd19861c8f26db6a25439125b27b9",
                "sha256:6f316a66031a14e9c5a88c91f8b77aa97f5454895674541ed6ab630b682be35d",
                "sha256:71b65f2a38cd9e16883dbb0f8ae82bdf8f6b79b1b02975c78483ab8428dbbf2f",
                "sha256:73f7960a97225812f9b1d7aeda5fb83812f38de9441e3476fcc8abb3e2b2f4de",
                "sha256:7572983134e310e0ca809c63f1722557a040fe9443df5f247bf11ba887eb1229",
                "sha256:788a5dadb532644a64efe0f5f01bf508c821eb7e984f13a677d56002f1e8a67a",
                "sha256:7bdd2021bb6f7f346bfe1d2a358aa109da017d22c4704af2d994e7c7ee0a7a53",
                "sha256:8fe6bb1b68a35d07378d38be77b5b2f8dd2bea5910c957bfcc7bee55988d3910",
                "sha256:97ed199033c2c770e7eea2ef80ff5e6413426ec2d7ec985b869792f04ab95d05",
                "sha256:9859d1591c1863414d875ae0759e72c2cffc01ab989dc64137fbac572cc81bf6",
                "sha256:a730f5b4c98c8a0f312437873e6e34dbd4cc6dc23d5afd91a6691c62724b1f68",
                "sha256:b60d93a200639e8367c6542a964fd0aa2dbd152f256c1831dc18cd5aa470fb8a",
                "sha256:b752b7d9c4b08181c7e8c0d9c7f277cbefff42227f34d3310696a87c863d9dd3",
                "sha256:b937215bfbaf404ec8f03ca741fc3f9f2c4c2c5590a02ccddddd820ae3c71331",
                "sha256:c02742ef3d846401861a878a61ef7ad911ea7539d6cc4619ddb52dbdf7b45aee",
                "sha256:cd5e2b6aa255023c4acd0b977590f1f7cc801ba21b4d806fcf6dfac3474ebb83",
                "sha256:d711517a8487ef3245b08dc82f781a906df9abb3b6cb0ce0486f0eeb823ca570",
                "sha256:d9a024370e917c899bff9171f03ea6079deecdc7482a146a2c565f3b9df134ea",
                "sha256:e08db25b61cf024648d55973cc3d1c3f1d0818fabf594d5f5a8e2318103d2aa0",
                "sha256:e97573de0ab3bbbcb4c7748bc41f4ceb6da10b45d35b1a294b5820701e7c25f0",
                "sha256:eccb417b91d0be27805dfc97550bfb8b7db94e9fe1db5ebedb98f5b88d601323",
                "sha256:f7c2f4d9681e810cf40239caaca00079930a6d9ee6591139b88d592d36051d82",
                "sha256:fde5ece4d2436b5a57c8f5f97b49b5de06a856d03959f836c957d3e609f2de7e"
            ],
            "markers": "python_version >= '3.5'",
            "version": "==3.5.0"
        },
        "pyshp": {
            "hashes": [
                "sha256:4caec82fd8dd096feba8217858068bacb2a3b5950f43c048c6dc32a3489d5af1",
                "sha256:67024c0ccdc352ba5db777c4e968483782dfa78f8e200672a90d2d30fd8b7b49"
            ],
            "markers": "python_version >= '2.7'",
            "version": "==2.3.1"
        },
        "python-dateutil": {
            "hashes": [
                "sha256:0123cacc1627ae19ddf3c27a5de5bd67ee4586fbdd6440d9748f8abb483d3e86",
                "sha256:961d03dc3453ebbc59dbdea9e4e11c5651520a876d0f4db161e8674aae935da9"
            ],
            "markers": "python_version >= '2.7' and python_version not in '3.0, 3.1, 3.2, 3.3'",
            "version": "==2.8.2"
        },
        "python-utils": {
            "hashes": [
                "sha256:ec3a672465efb6c673845a43afcfafaa23d2594c24324a40ec18a0c59478dc0b",
                "sha256:efdf31c8154667d7dc0317547c8e6d3b506c5d4b6e360e0c89662306262fc0ab"
            ],
            "index": "pypi",
            "markers": "python_version >= '3.9'",
            "version": "==3.8.1"
        },
        "pytz": {
            "hashes": [
                "sha256:7b4fddbeb94a1eba4b557da24f19fdf9db575192544270a9101d8509f9f43d7b",
                "sha256:ce42d816b81b68506614c11e8937d3aa9e41007ceb50bfdcb0749b921bf646c7"
            ],
            "version": "==2023.3.post1"
        },
        "six": {
            "hashes": [
                "sha256:1e61c37477a1626458e36f7b1d82aa5c9b094fa4802892072e49de9c60c4c926",
                "sha256:8abb2f1d86890a2dfb989f9a77cfcfd3e47c2a354b01111771326f8aa26e0254"
            ],
            "markers": "python_version >= '2.7' and python_version not in '3.0, 3.1, 3.2, 3.3'",
            "version": "==1.16.0"
        },
        "typing-extensions": {
            "hashes": [
                "sha256:8f92fc8806f9a6b641eaa5318da32b44d401efaac0f6678c9bc448ba3605faa0",
                "sha256:df8e4339e9cb77357558cbdbceca33c303714cf861d1eef15e1070055ae8b7ef"
            ],
            "markers": "python_version >= '3.8'",
            "version": "==4.8.0"
        },
        "tzdata": {
            "hashes": [
                "sha256:11ef1e08e54acb0d4f95bdb1be05da659673de4acbd21bf9c69e94cc5e907a3a",
                "sha256:7e65763eef3120314099b6939b5546db7adce1e7d6f2e179e3df563c70511eda"
            ],
            "markers": "python_version >= '2'",
            "version": "==2023.3"
        },
        "zipp": {
            "hashes": [
                "sha256:0e923e726174922dce09c53c59ad483ff7bbb8e572e00c7f7c46b88556409f31",
                "sha256:84e64a1c28cf7e91ed2078bb8cc8c259cb19b76942096c8d7b84947690cabaf0"
            ],
            "markers": "python_version < '3.10'",
            "version": "==3.17.0"
        }
    },
    "develop": {}
}
